
Microsoft Visual Studio Solution File, Format Version 12.00
# Visual Studio Version 17
VisualStudioVersion = 17.7.34202.233
MinimumVisualStudioVersion = 10.0.40219.1
Project("{FAE04EC0-301F-11D3-BF4B-00C04F79EFBC}") = "SinemaSistemi", "SinemaSistemi\SinemaSistemi.csproj", "{10B4DAB9-1173-429A-9BD1-32BF08370E5C}"
EndProject
Project("{FAE04EC0-301F-11D3-BF4B-00C04F79EFBC}") = "Sinema.Sinif", "Sinema.Sinif\Sinema.Sinif.csproj", "{ED948AA1-237E-46A5-89F2-0B8AB71AB594}"
EndProject
Global
	GlobalSection(SolutionConfigurationPlatforms) = preSolution
		Debug|Any CPU = Debug|Any CPU
		Release|Any CPU = Release|Any CPU
	EndGlobalSection
	GlobalSection(ProjectConfigurationPlatforms) = postSolution
		{10B4DAB9-1173-429A-9BD1-32BF08370E5C}.Debug|Any CPU.ActiveCfg = Debug|Any CPU
		{10B4DAB9-1173-429A-9BD1-32BF08370E5C}.Debug|Any CPU.Build.0 = Debug|Any CPU
		{10B4DAB9-1173-429A-9BD1-32BF08370E5C}.Release|Any CPU.ActiveCfg = Release|Any CPU
		{10B4DAB9-1173-429A-9BD1-32BF08370E5C}.Release|Any CPU.Build.0 = Release|Any CPU
		{ED948AA1-237E-46A5-89F2-0B8AB71AB594}.Debug|Any CPU.ActiveCfg = Debug|Any CPU
		{ED948AA1-237E-46A5-89F2-0B8AB71AB594}.Debug|Any CPU.Build.0 = Debug|Any CPU
		{ED948AA1-237E-46A5-89F2-0B8AB71AB594}.Release|Any CPU.ActiveCfg = Release|Any CPU
		{ED948AA1-237E-46A5-89F2-0B8AB71AB594}.Release|Any CPU.Build.0 = Release|Any CPU
	EndGlobalSection
	GlobalSection(SolutionProperties) = preSolution
		HideSolutionNode = FALSE
	EndGlobalSection
	GlobalSection(ExtensibilityGlobals) = postSolution
		SolutionGuid = {5C16D1CD-D7E5-435F-A5FA-F3B683DBB6DA}
	EndGlobalSection
EndGlobal
